
Microsoft Visual Studio Solution File, Format Version 12.00
# Visual Studio Version 16
VisualStudioVersion = 16.0.31702.278
MinimumVisualStudioVersion = 10.0.40219.1
Project("{FAE04EC0-301F-11D3-BF4B-00C04F79EFBC}") = "WpfDpiTest", "WpfDpiTest.csproj", "{0D02971E-71CA-4583-92B6-94F53EE0AD16}"
EndProject
Global
	GlobalSection(SolutionConfigurationPlatforms) = preSolution
		Release|x64 = Release|x64
	EndGlobalSection
	GlobalSection(ProjectConfigurationPlatforms) = postSolution
		{0D02971E-71CA-4583-92B6-94F53EE0AD16}.Release|x64.ActiveCfg = Release|x64
		{0D02971E-71CA-4583-92B6-94F53EE0AD16}.Release|x64.Build.0 = Release|x64
	EndGlobalSection
	GlobalSection(SolutionProperties) = preSolution
		HideSolutionNode = FALSE
	EndGlobalSection
	GlobalSection(ExtensibilityGlobals) = postSolution
		SolutionGuid = {63083855-E26A-4555-9FE7-D62E6CAE513E}
	EndGlobalSection
EndGlobal
